
Microsoft Visual Studio Solution File, Format Version 12.00
# Visual Studio Version 17
VisualStudioVersion = 17.0.32014.148
MinimumVisualStudioVersion = 10.0.40219.1
Project("{9A19103F-16F7-4668-BE54-9A1E7A4F7556}") = "Intergration_System", "Intergration_System\Intergration_System.csproj", "{EDDAECFD-A8DF-49D5-8310-1C194AEA1D70}"
EndProject
Project("{FAE04EC0-301F-11D3-BF4B-00C04F79EFBC}") = "TM.Domain", "Intergration_System.Domain\TM.Domain.csproj", "{52A82160-606F-4FEF-8E50-36D354446053}"
EndProject
Project("{FAE04EC0-301F-11D3-BF4B-00C04F79EFBC}") = "TM.Infrastructure", "Intergration_System.Infrastructure\TM.Infrastructure.csproj", "{67E0326D-EFAD-4E6E-AC84-636C9275DCD4}"
EndProject
Global
	GlobalSection(SolutionConfigurationPlatforms) = preSolution
		Debug|Any CPU = Debug|Any CPU
		Release|Any CPU = Release|Any CPU
	EndGlobalSection
	GlobalSection(ProjectConfigurationPlatforms) = postSolution
		{EDDAECFD-A8DF-49D5-8310-1C194AEA1D70}.Debug|Any CPU.ActiveCfg = Debug|Any CPU
		{EDDAECFD-A8DF-49D5-8310-1C194AEA1D70}.Debug|Any CPU.Build.0 = Debug|Any CPU
		{EDDAECFD-A8DF-49D5-8310-1C194AEA1D70}.Release|Any CPU.ActiveCfg = Release|Any CPU
		{EDDAECFD-A8DF-49D5-8310-1C194AEA1D70}.Release|Any CPU.Build.0 = Release|Any CPU
		{52A82160-606F-4FEF-8E50-36D354446053}.Debug|Any CPU.ActiveCfg = Debug|Any CPU
		{52A82160-606F-4FEF-8E50-36D354446053}.Debug|Any CPU.Build.0 = Debug|Any CPU
		{52A82160-606F-4FEF-8E50-36D354446053}.Release|Any CPU.ActiveCfg = Release|Any CPU
		{52A82160-606F-4FEF-8E50-36D354446053}.Release|Any CPU.Build.0 = Release|Any CPU
		{67E0326D-EFAD-4E6E-AC84-636C9275DCD4}.Debug|Any CPU.ActiveCfg = Debug|Any CPU
		{67E0326D-EFAD-4E6E-AC84-636C9275DCD4}.Debug|Any CPU.Build.0 = Debug|Any CPU
		{67E0326D-EFAD-4E6E-AC84-636C9275DCD4}.Release|Any CPU.ActiveCfg = Release|Any CPU
		{67E0326D-EFAD-4E6E-AC84-636C9275DCD4}.Release|Any CPU.Build.0 = Release|Any CPU
	EndGlobalSection
	GlobalSection(SolutionProperties) = preSolution
		HideSolutionNode = FALSE
	EndGlobalSection
	GlobalSection(ExtensibilityGlobals) = postSolution
		SolutionGuid = {C2B18C47-DD26-4007-AA85-1787C2B35960}
	EndGlobalSection
EndGlobal
